{
  "nodes": {
    "comment-checker": {
      "inputs": {
        "nixpkgs": [
          "nixpkgs"
        ],
        "rust-overlay": "rust-overlay"
      },
      "locked": {
        "lastModified": 1789259917,
        "narHash": "sha256-ciFWJFfpl8xTFJTnoquMb58RA7iVqvpi4Sfda9qyFTw=",
        "owner": "systemfsoftware",
        "repo": "comment-checker",
        "rev": "00cc6a6bac7756d1e59d30fd566623e9b21443eb",
        "type": "github"
      },
      "original": {
        "owner": "systemfsoftware",
        "repo": "comment-checker",
        "type": "github"
      }
    },
    "importPnpmLock": {
      "inputs": {
        "nixpkgs": [
          "nixpkgs"
        ],
        "systems": "systems"
      },
      "locked": {
        "lastModified": 1790096829,
        "narHash": "sha256-mnjMXjY/fo5OQH/iYNPijIqo0jAb/z7EhHtfXLlzOrs=",
        "owner": "Scrumplex",
        "repo": "importPnpmLock.nix",
        "rev": "ca18d47b0e98a4b51404f69ce5ab51efb6ebc151",
        "type": "github"
      },
      "original": {
        "owner": "Scrumplex",
        "repo": "importPnpmLock.nix",
        "type": "github"
      }
    },
    "nixpkgs": {
      "locked": {
        "lastModified": 1790822859,
        "narHash": "sha256-69xHQhAeMAD2wDXO7T2pcOZIF9Sga2W+JkmY2a11Ops=",
        "owner": "NixOS",
        "repo": "nixpkgs",
        "rev": "c59305bab2065cfecc4944690d9eedbb56f3a9fa",
        "type": "github"
      },
      "original": {
        "owner": "NixOS",
        "ref": "nixos-unstable",
        "repo": "nixpkgs",
        "type": "github"
      }
    },
    "root": {
      "inputs": {
        "comment-checker": "comment-checker",
        "importPnpmLock": "importPnpmLock",
        "nixpkgs": "nixpkgs"
      }
    },
    "rust-overlay": {
      "inputs": {
        "nixpkgs": [
          "comment-checker",
          "nixpkgs"
        ]
      },
      "locked": {
        "lastModified": 1787367552,
        "narHash": "sha256-YT4Fs2k7bi+7YzuLt93EtIRgjpwHK5ZfsQEIh5dEQSk=",
        "owner": "oxalica",
        "repo": "rust-overlay",
        "rev": "fd2ebb9cc4323d0c5a1336138dab5c3c5a5d8bd9",
        "type": "github"
      },
      "original": {
        "owner": "oxalica",
        "repo": "rust-overlay",
        "type": "github"
      }
    },
    "systems": {
      "locked": {
        "lastModified": 1681028828,
        "narHash": "sha256-Vy1rq5AaRuLzOxct8nz4T6wlgyUR7zLU309k9mBC768=",
        "owner": "nix-systems",
        "repo": "default",
        "rev": "da67096a3b9bf56a91d16901293e51ba5b49a27e",
        "type": "github"
      },
      "original": {
        "owner": "nix-systems",
        "repo": "default",
        "type": "github"
      }
    }
  },
  "root": "root",
  "version": 7
}
